
Microsoft Visual Studio Solution File, Format Version 12.00
# Visual Studio Version 17
VisualStudioVersion = 17.8.34330.188
MinimumVisualStudioVersion = 10.0.40219.1
Project("{FAE04EC0-301F-11D3-BF4B-00C04F79EFBC}") = "SMTP_Email", "SMTP_Email\SMTP_Email.csproj", "{BEA95A7A-E1B2-4ABC-9AE9-AF570AEA1E89}"
EndProject
Global
	GlobalSection(SolutionConfigurationPlatforms) = preSolution
		Debug|Any CPU = Debug|Any CPU
		Release|Any CPU = Release|Any CPU
	EndGlobalSection
	GlobalSection(ProjectConfigurationPlatforms) = postSolution
		{BEA95A7A-E1B2-4ABC-9AE9-AF570AEA1E89}.Debug|Any CPU.ActiveCfg = Debug|Any CPU
		{BEA95A7A-E1B2-4ABC-9AE9-AF570AEA1E89}.Debug|Any CPU.Build.0 = Debug|Any CPU
		{BEA95A7A-E1B2-4ABC-9AE9-AF570AEA1E89}.Release|Any CPU.ActiveCfg = Release|Any CPU
		{BEA95A7A-E1B2-4ABC-9AE9-AF570AEA1E89}.Release|Any CPU.Build.0 = Release|Any CPU
	EndGlobalSection
	GlobalSection(SolutionProperties) = preSolution
		HideSolutionNode = FALSE
	EndGlobalSection
	GlobalSection(ExtensibilityGlobals) = postSolution
		SolutionGuid = {3B17228D-61DE-4938-8AFA-2518D5089C1A}
	EndGlobalSection
EndGlobal
